{
  "name": "b2c_coding",
  "version": "1.0.0",
  "lockfileVersion": 1,
  "requires": true,
  "dependencies": {
    "b2c": {
      "version": "1.0.0",
      "resolved": "https://registry.npmjs.org/b2c/-/b2c-1.0.0.tgz",
      "integrity": "sha512-WMEyj8xKtx7DiFFoD1tCAOkH0/ra5e6t5NjbaIUoXcl7OBKOqUwzjebaoqvfQQiZAo/eJSNOsSbPXRj3wFNz1g=="
    }
  }
}
